// !$*UTF8*$!
{
	archiveVersion = 1;
	classes = {
	};
	objectVersion = 46;
	objects = {

/* Begin PBXBuildFile section */
		8106F0011C1A7F6B00C74FE6 /* Point3DTests.swift in Sources */ = {isa = PBXBuildFile; fileRef = 8106F0001C1A7F6B00C74FE6 /* Point3DTests.swift */; };
		8106F0031C1FA12C00C74FE6 /* Cubic.swift in Sources */ = {isa = PBXBuildFile; fileRef = 8106F0021C1FA12C00C74FE6 /* Cubic.swift */; };
		8106F0041C1FA12C00C74FE6 /* Cubic.swift in Sources */ = {isa = PBXBuildFile; fileRef = 8106F0021C1FA12C00C74FE6 /* Cubic.swift */; };
		81414B001C08CE5E00A9DE83 /* AppDelegate.swift in Sources */ = {isa = PBXBuildFile; fileRef = 81414AFF1C08CE5E00A9DE83 /* AppDelegate.swift */; };
		81414B021C08CE5E00A9DE83 /* ViewController.swift in Sources */ = {isa = PBXBuildFile; fileRef = 81414B011C08CE5E00A9DE83 /* ViewController.swift */; };
		81414B051C08CE5E00A9DE83 /* Main.storyboard in Resources */ = {isa = PBXBuildFile; fileRef = 81414B031C08CE5E00A9DE83 /* Main.storyboard */; };
		81414B071C08CE5E00A9DE83 /* Assets.xcassets in Resources */ = {isa = PBXBuildFile; fileRef = 81414B061C08CE5E00A9DE83 /* Assets.xcassets */; };
		81414B0A1C08CE5E00A9DE83 /* LaunchScreen.storyboard in Resources */ = {isa = PBXBuildFile; fileRef = 81414B081C08CE5E00A9DE83 /* LaunchScreen.storyboard */; };
		81414B151C08CE5E00A9DE83 /* SketchGenTests.swift in Sources */ = {isa = PBXBuildFile; fileRef = 81414B141C08CE5E00A9DE83 /* SketchGenTests.swift */; };
		81414B241C08CEE200A9DE83 /* LineSeg.swift in Sources */ = {isa = PBXBuildFile; fileRef = 81414B1F1C08CEE200A9DE83 /* LineSeg.swift */; };
		81414B251C08CEE200A9DE83 /* OrthoVol.swift in Sources */ = {isa = PBXBuildFile; fileRef = 81414B201C08CEE200A9DE83 /* OrthoVol.swift */; };
		81414B261C08CEE200A9DE83 /* PenCurve.swift in Sources */ = {isa = PBXBuildFile; fileRef = 81414B211C08CEE200A9DE83 /* PenCurve.swift */; };
		81414B271C08CEE200A9DE83 /* PenTypes.swift in Sources */ = {isa = PBXBuildFile; fileRef = 81414B221C08CEE200A9DE83 /* PenTypes.swift */; };
		81414B281C08CEE200A9DE83 /* Point3D.swift in Sources */ = {isa = PBXBuildFile; fileRef = 81414B231C08CEE200A9DE83 /* Point3D.swift */; };
		81414B2B1C08CF0500A9DE83 /* Arc.swift in Sources */ = {isa = PBXBuildFile; fileRef = 81414B291C08CF0500A9DE83 /* Arc.swift */; };
		81414B2C1C08CF0500A9DE83 /* ArcPointsError.swift in Sources */ = {isa = PBXBuildFile; fileRef = 81414B2A1C08CF0500A9DE83 /* ArcPointsError.swift */; };
		81414B2F1C08CF2B00A9DE83 /* CoincidentPointsError.swift in Sources */ = {isa = PBXBuildFile; fileRef = 81414B2D1C08CF2B00A9DE83 /* CoincidentPointsError.swift */; };
		81414B301C08CF2B00A9DE83 /* Easel2D.swift in Sources */ = {isa = PBXBuildFile; fileRef = 81414B2E1C08CF2B00A9DE83 /* Easel2D.swift */; };
		81414B321C08CF5E00A9DE83 /* Vector3D.swift in Sources */ = {isa = PBXBuildFile; fileRef = 81414B311C08CF5E00A9DE83 /* Vector3D.swift */; };
		81414B361C08CF8C00A9DE83 /* LineSegTests.swift in Sources */ = {isa = PBXBuildFile; fileRef = 81414B331C08CF8C00A9DE83 /* LineSegTests.swift */; };
		81414B371C08CF8C00A9DE83 /* OrthoVolTests.swift in Sources */ = {isa = PBXBuildFile; fileRef = 81414B341C08CF8C00A9DE83 /* OrthoVolTests.swift */; };
		81414B381C08CF8C00A9DE83 /* Vector3DTests.swift in Sources */ = {isa = PBXBuildFile; fileRef = 81414B351C08CF8C00A9DE83 /* Vector3DTests.swift */; };
		81414B3A1C08CFAB00A9DE83 /* ArcTests.swift in Sources */ = {isa = PBXBuildFile; fileRef = 81414B391C08CFAB00A9DE83 /* ArcTests.swift */; };
		81414B3C1C090F2500A9DE83 /* CurveDemo.swift in Sources */ = {isa = PBXBuildFile; fileRef = 81414B3B1C090F2500A9DE83 /* CurveDemo.swift */; };
		814F133C1C153ED0004AB22B /* Point3D.swift in Sources */ = {isa = PBXBuildFile; fileRef = 81414B231C08CEE200A9DE83 /* Point3D.swift */; };
		814F133D1C153ED7004AB22B /* Arc.swift in Sources */ = {isa = PBXBuildFile; fileRef = 81414B291C08CF0500A9DE83 /* Arc.swift */; };
		814F133E1C153EDD004AB22B /* Vector3D.swift in Sources */ = {isa = PBXBuildFile; fileRef = 81414B311C08CF5E00A9DE83 /* Vector3D.swift */; };
		814F133F1C153EEA004AB22B /* OrthoVol.swift in Sources */ = {isa = PBXBuildFile; fileRef = 81414B201C08CEE200A9DE83 /* OrthoVol.swift */; };
		814F13401C153EF4004AB22B /* PenCurve.swift in Sources */ = {isa = PBXBuildFile; fileRef = 81414B211C08CEE200A9DE83 /* PenCurve.swift */; };
		814F13411C153EFA004AB22B /* PenTypes.swift in Sources */ = {isa = PBXBuildFile; fileRef = 81414B221C08CEE200A9DE83 /* PenTypes.swift */; };
		814F13421C153F16004AB22B /* CoincidentPointsError.swift in Sources */ = {isa = PBXBuildFile; fileRef = 81414B2D1C08CF2B00A9DE83 /* CoincidentPointsError.swift */; };
		814F13431C153F1E004AB22B /* ArcPointsError.swift in Sources */ = {isa = PBXBuildFile; fileRef = 81414B2A1C08CF0500A9DE83 /* ArcPointsError.swift */; };
		814F13441C153F3E004AB22B /* LineSeg.swift in Sources */ = {isa = PBXBuildFile; fileRef = 81414B1F1C08CEE200A9DE83 /* LineSeg.swift */; };
		8183F2621C18E2FF009CAF6B /* Line.swift in Sources */ = {isa = PBXBuildFile; fileRef = 81CDCC1E1C17E3FD00060C8D /* Line.swift */; };
		8183F2631C18E308009CAF6B /* ParallelError.swift in Sources */ = {isa = PBXBuildFile; fileRef = 81CDCC201C17E41400060C8D /* ParallelError.swift */; };
		8183F2641C18E30D009CAF6B /* Plane.swift in Sources */ = {isa = PBXBuildFile; fileRef = 81CDCC221C17E44B00060C8D /* Plane.swift */; };
		8183F2651C18E313009CAF6B /* CoincidentPlanesError.swift in Sources */ = {isa = PBXBuildFile; fileRef = 81CDCC241C17E4D200060C8D /* CoincidentPlanesError.swift */; };
		8183F2661C18E319009CAF6B /* ParallelPlanesError.swift in Sources */ = {isa = PBXBuildFile; fileRef = 81CDCC261C17E4F000060C8D /* ParallelPlanesError.swift */; };
		8183F2681C1A0872009CAF6B /* NonUnitDirectionError.swift in Sources */ = {isa = PBXBuildFile; fileRef = 8183F2671C1A0872009CAF6B /* NonUnitDirectionError.swift */; };
		8183F2691C1A0872009CAF6B /* NonUnitDirectionError.swift in Sources */ = {isa = PBXBuildFile; fileRef = 8183F2671C1A0872009CAF6B /* NonUnitDirectionError.swift */; };
		8183F26B1C1A0A16009CAF6B /* ZeroVectorError.swift in Sources */ = {isa = PBXBuildFile; fileRef = 8183F26A1C1A0A16009CAF6B /* ZeroVectorError.swift */; };
		8183F26C1C1A0A16009CAF6B /* ZeroVectorError.swift in Sources */ = {isa = PBXBuildFile; fileRef = 8183F26A1C1A0A16009CAF6B /* ZeroVectorError.swift */; };
		8183F26E1C1A672B009CAF6B /* LineTests.swift in Sources */ = {isa = PBXBuildFile; fileRef = 8183F26D1C1A672B009CAF6B /* LineTests.swift */; };
		8183F2701C1A675A009CAF6B /* PlaneTests.swift in Sources */ = {isa = PBXBuildFile; fileRef = 8183F26F1C1A675A009CAF6B /* PlaneTests.swift */; };
		81CDCC1F1C17E3FD00060C8D /* Line.swift in Sources */ = {isa = PBXBuildFile; fileRef = 81CDCC1E1C17E3FD00060C8D /* Line.swift */; };
		81CDCC211C17E41400060C8D /* ParallelError.swift in Sources */ = {isa = PBXBuildFile; fileRef = 81CDCC201C17E41400060C8D /* ParallelError.swift */; };
		81CDCC231C17E44B00060C8D /* Plane.swift in Sources */ = {isa = PBXBuildFile; fileRef = 81CDCC221C17E44B00060C8D /* Plane.swift */; };
		81CDCC251C17E4D200060C8D /* CoincidentPlanesError.swift in Sources */ = {isa = PBXBuildFile; fileRef = 81CDCC241C17E4D200060C8D /* CoincidentPlanesError.swift */; };
		81CDCC271C17E4F000060C8D /* ParallelPlanesError.swift in Sources */ = {isa = PBXBuildFile; fileRef = 81CDCC261C17E4F000060C8D /* ParallelPlanesError.swift */; };
		81FEAAA51C4348EE000F0E2A /* CoincidentLinesError.swift in Sources */ = {isa = PBXBuildFile; fileRef = 81FEAAA41C4348EE000F0E2A /* CoincidentLinesError.swift */; };
		81FEAAA61C4348EE000F0E2A /* CoincidentLinesError.swift in Sources */ = {isa = PBXBuildFile; fileRef = 81FEAAA41C4348EE000F0E2A /* CoincidentLinesError.swift */; };
		81FEAAA81C4359B1000F0E2A /* ParallelLinesError.swift in Sources */ = {isa = PBXBuildFile; fileRef = 81FEAAA71C4359B1000F0E2A /* ParallelLinesError.swift */; };
		81FEAAA91C4359B1000F0E2A /* ParallelLinesError.swift in Sources */ = {isa = PBXBuildFile; fileRef = 81FEAAA71C4359B1000F0E2A /* ParallelLinesError.swift */; };
		81FEAAAB1C435AF0000F0E2A /* NonCoPlanarLinesError.swift in Sources */ = {isa = PBXBuildFile; fileRef = 81FEAAAA1C435AF0000F0E2A /* NonCoPlanarLinesError.swift */; };
		81FEAAAC1C435AF0000F0E2A /* NonCoPlanarLinesError.swift in Sources */ = {isa = PBXBuildFile; fileRef = 81FEAAAA1C435AF0000F0E2A /* NonCoPlanarLinesError.swift */; };
		81FEAACC1C4C7AE9000F0E2A /* Transform.swift in Sources */ = {isa = PBXBuildFile; fileRef = 81FEAACB1C4C7AE9000F0E2A /* Transform.swift */; };
		81FEAACD1C4C7AE9000F0E2A /* Transform.swift in Sources */ = {isa = PBXBuildFile; fileRef = 81FEAACB1C4C7AE9000F0E2A /* Transform.swift */; };
		81FEAACF1C4D8DDF000F0E2A /* TransformTests.swift in Sources */ = {isa = PBXBuildFile; fileRef = 81FEAACE1C4D8DDF000F0E2A /* TransformTests.swift */; };
		81FEAAD21C4E9716000F0E2A /* Perimeter.swift in Sources */ = {isa = PBXBuildFile; fileRef = 81FEAAD11C4E9716000F0E2A /* Perimeter.swift */; };
		81FEAAD31C4E9716000F0E2A /* Perimeter.swift in Sources */ = {isa = PBXBuildFile; fileRef = 81FEAAD11C4E9716000F0E2A /* Perimeter.swift */; };
/* End PBXBuildFile section */

/* Begin PBXContainerItemProxy section */
		81414B111C08CE5E00A9DE83 /* PBXContainerItemProxy */ = {
			isa = PBXContainerItemProxy;
			containerPortal = 81414AF41C08CE5E00A9DE83 /* Project object */;
			proxyType = 1;
			remoteGlobalIDString = 81414AFB1C08CE5E00A9DE83;
			remoteInfo = SketchGen;
		};
/* End PBXContainerItemProxy section */

/* Begin PBXFileReference section */
		8106F0001C1A7F6B00C74FE6 /* Point3DTests.swift */ = {isa = PBXFileReference; fileEncoding = 4; lastKnownFileType = sourcecode.swift; path = Point3DTests.swift; sourceTree = "<group>"; };
		8106F0021C1FA12C00C74FE6 /* Cubic.swift */ = {isa = PBXFileReference; fileEncoding = 4; lastKnownFileType = sourcecode.swift; path = Cubic.swift; sourceTree = "<group>"; };
		81414AFC1C08CE5E00A9DE83 /* SketchGen.app */ = {isa = PBXFileReference; explicitFileType = wrapper.application; includeInIndex = 0; path = SketchGen.app; sourceTree = BUILT_PRODUCTS_DIR; };
		81414AFF1C08CE5E00A9DE83 /* AppDelegate.swift */ = {isa = PBXFileReference; lastKnownFileType = sourcecode.swift; path = AppDelegate.swift; sourceTree = "<group>"; };
		81414B011C08CE5E00A9DE83 /* ViewController.swift */ = {isa = PBXFileReference; lastKnownFileType = sourcecode.swift; path = ViewController.swift; sourceTree = "<group>"; };
		81414B041C08CE5E00A9DE83 /* Base */ = {isa = PBXFileReference; lastKnownFileType = file.storyboard; name = Base; path = Base.lproj/Main.storyboard; sourceTree = "<group>"; };
		81414B061C08CE5E00A9DE83 /* Assets.xcassets */ = {isa = PBXFileReference; lastKnownFileType = folder.assetcatalog; path = Assets.xcassets; sourceTree = "<group>"; };
		81414B091C08CE5E00A9DE83 /* Base */ = {isa = PBXFileReference; lastKnownFileType = file.storyboard; name = Base; path = Base.lproj/LaunchScreen.storyboard; sourceTree = "<group>"; };
		81414B0B1C08CE5E00A9DE83 /* Info.plist */ = {isa = PBXFileReference; lastKnownFileType = text.plist.xml; path = Info.plist; sourceTree = "<group>"; };
		81414B101C08CE5E00A9DE83 /* SketchGenTests.xctest */ = {isa = PBXFileReference; explicitFileType = wrapper.cfbundle; includeInIndex = 0; path = SketchGenTests.xctest; sourceTree = BUILT_PRODUCTS_DIR; };
		81414B141C08CE5E00A9DE83 /* SketchGenTests.swift */ = {isa = PBXFileReference; lastKnownFileType = sourcecode.swift; path = SketchGenTests.swift; sourceTree = "<group>"; };
		81414B161C08CE5E00A9DE83 /* Info.plist */ = {isa = PBXFileReference; lastKnownFileType = text.plist.xml; path = Info.plist; sourceTree = "<group>"; };
		81414B1F1C08CEE200A9DE83 /* LineSeg.swift */ = {isa = PBXFileReference; fileEncoding = 4; lastKnownFileType = sourcecode.swift; path = LineSeg.swift; sourceTree = "<group>"; };
		81414B201C08CEE200A9DE83 /* OrthoVol.swift */ = {isa = PBXFileReference; fileEncoding = 4; lastKnownFileType = sourcecode.swift; path = OrthoVol.swift; sourceTree = "<group>"; };
		81414B211C08CEE200A9DE83 /* PenCurve.swift */ = {isa = PBXFileReference; fileEncoding = 4; lastKnownFileType = sourcecode.swift; path = PenCurve.swift; sourceTree = "<group>"; };
		81414B221C08CEE200A9DE83 /* PenTypes.swift */ = {isa = PBXFileReference; fileEncoding = 4; lastKnownFileType = sourcecode.swift; path = PenTypes.swift; sourceTree = "<group>"; };
		81414B231C08CEE200A9DE83 /* Point3D.swift */ = {isa = PBXFileReference; fileEncoding = 4; lastKnownFileType = sourcecode.swift; path = Point3D.swift; sourceTree = "<group>"; };
		81414B291C08CF0500A9DE83 /* Arc.swift */ = {isa = PBXFileReference; fileEncoding = 4; lastKnownFileType = sourcecode.swift; path = Arc.swift; sourceTree = "<group>"; };
		81414B2A1C08CF0500A9DE83 /* ArcPointsError.swift */ = {isa = PBXFileReference; fileEncoding = 4; lastKnownFileType = sourcecode.swift; path = ArcPointsError.swift; sourceTree = "<group>"; };
		81414B2D1C08CF2B00A9DE83 /* CoincidentPointsError.swift */ = {isa = PBXFileReference; fileEncoding = 4; lastKnownFileType = sourcecode.swift; path = CoincidentPointsError.swift; sourceTree = "<group>"; };
		81414B2E1C08CF2B00A9DE83 /* Easel2D.swift */ = {isa = PBXFileReference; fileEncoding = 4; lastKnownFileType = sourcecode.swift; path = Easel2D.swift; sourceTree = "<group>"; };
		81414B311C08CF5E00A9DE83 /* Vector3D.swift */ = {isa = PBXFileReference; fileEncoding = 4; lastKnownFileType = sourcecode.swift; path = Vector3D.swift; sourceTree = "<group>"; };
		81414B331C08CF8C00A9DE83 /* LineSegTests.swift */ = {isa = PBXFileReference; fileEncoding = 4; lastKnownFileType = sourcecode.swift; path = LineSegTests.swift; sourceTree = "<group>"; };
		81414B341C08CF8C00A9DE83 /* OrthoVolTests.swift */ = {isa = PBXFileReference; fileEncoding = 4; lastKnownFileType = sourcecode.swift; path = OrthoVolTests.swift; sourceTree = "<group>"; };
		81414B351C08CF8C00A9DE83 /* Vector3DTests.swift */ = {isa = PBXFileReference; fileEncoding = 4; lastKnownFileType = sourcecode.swift; path = Vector3DTests.swift; sourceTree = "<group>"; };
		81414B391C08CFAB00A9DE83 /* ArcTests.swift */ = {isa = PBXFileReference; fileEncoding = 4; lastKnownFileType = sourcecode.swift; path = ArcTests.swift; sourceTree = "<group>"; };
		81414B3B1C090F2500A9DE83 /* CurveDemo.swift */ = {isa = PBXFileReference; fileEncoding = 4; lastKnownFileType = sourcecode.swift; path = CurveDemo.swift; sourceTree = "<group>"; };
		8183F2671C1A0872009CAF6B /* NonUnitDirectionError.swift */ = {isa = PBXFileReference; fileEncoding = 4; lastKnownFileType = sourcecode.swift; path = NonUnitDirectionError.swift; sourceTree = "<group>"; };
		8183F26A1C1A0A16009CAF6B /* ZeroVectorError.swift */ = {isa = PBXFileReference; fileEncoding = 4; lastKnownFileType = sourcecode.swift; path = ZeroVectorError.swift; sourceTree = "<group>"; };
		8183F26D1C1A672B009CAF6B /* LineTests.swift */ = {isa = PBXFileReference; fileEncoding = 4; lastKnownFileType = sourcecode.swift; path = LineTests.swift; sourceTree = "<group>"; };
		8183F26F1C1A675A009CAF6B /* PlaneTests.swift */ = {isa = PBXFileReference; fileEncoding = 4; lastKnownFileType = sourcecode.swift; path = PlaneTests.swift; sourceTree = "<group>"; };
		81CDCC1E1C17E3FD00060C8D /* Line.swift */ = {isa = PBXFileReference; fileEncoding = 4; lastKnownFileType = sourcecode.swift; path = Line.swift; sourceTree = "<group>"; };
		81CDCC201C17E41400060C8D /* ParallelError.swift */ = {isa = PBXFileReference; fileEncoding = 4; lastKnownFileType = sourcecode.swift; path = ParallelError.swift; sourceTree = "<group>"; };
		81CDCC221C17E44B00060C8D /* Plane.swift */ = {isa = PBXFileReference; fileEncoding = 4; lastKnownFileType = sourcecode.swift; path = Plane.swift; sourceTree = "<group>"; };
		81CDCC241C17E4D200060C8D /* CoincidentPlanesError.swift */ = {isa = PBXFileReference; fileEncoding = 4; lastKnownFileType = sourcecode.swift; path = CoincidentPlanesError.swift; sourceTree = "<group>"; };
		81CDCC261C17E4F000060C8D /* ParallelPlanesError.swift */ = {isa = PBXFileReference; fileEncoding = 4; lastKnownFileType = sourcecode.swift; path = ParallelPlanesError.swift; sourceTree = "<group>"; };
		81FEAAA41C4348EE000F0E2A /* CoincidentLinesError.swift */ = {isa = PBXFileReference; fileEncoding = 4; lastKnownFileType = sourcecode.swift; path = CoincidentLinesError.swift; sourceTree = "<group>"; };
		81FEAAA71C4359B1000F0E2A /* ParallelLinesError.swift */ = {isa = PBXFileReference; fileEncoding = 4; lastKnownFileType = sourcecode.swift; path = ParallelLinesError.swift; sourceTree = "<group>"; };
		81FEAAAA1C435AF0000F0E2A /* NonCoPlanarLinesError.swift */ = {isa = PBXFileReference; fileEncoding = 4; lastKnownFileType = sourcecode.swift; path = NonCoPlanarLinesError.swift; sourceTree = "<group>"; };
		81FEAACB1C4C7AE9000F0E2A /* Transform.swift */ = {isa = PBXFileReference; fileEncoding = 4; lastKnownFileType = sourcecode.swift; path = Transform.swift; sourceTree = "<group>"; };
		81FEAACE1C4D8DDF000F0E2A /* TransformTests.swift */ = {isa = PBXFileReference; fileEncoding = 4; lastKnownFileType = sourcecode.swift; path = TransformTests.swift; sourceTree = "<group>"; };
		81FEAAD11C4E9716000F0E2A /* Perimeter.swift */ = {isa = PBXFileReference; fileEncoding = 4; lastKnownFileType = sourcecode.swift; path = Perimeter.swift; sourceTree = "<group>"; };
/* End PBXFileReference section */

/* Begin PBXFrameworksBuildPhase section */
		81414AF91C08CE5E00A9DE83 /* Frameworks */ = {
			isa = PBXFrameworksBuildPhase;
			buildActionMask = 2147483647;
			files = (
			);
			runOnlyForDeploymentPostprocessing = 0;
		};
		81414B0D1C08CE5E00A9DE83 /* Frameworks */ = {
			isa = PBXFrameworksBuildPhase;
			buildActionMask = 2147483647;
			files = (
			);
			runOnlyForDeploymentPostprocessing = 0;
		};
/* End PBXFrameworksBuildPhase section */

/* Begin PBXGroup section */
		81414AF31C08CE5E00A9DE83 = {
			isa = PBXGroup;
			children = (
				81414AFE1C08CE5E00A9DE83 /* SketchGen */,
				81414B131C08CE5E00A9DE83 /* SketchGenTests */,
				81414AFD1C08CE5E00A9DE83 /* Products */,
			);
			sourceTree = "<group>";
		};
		81414AFD1C08CE5E00A9DE83 /* Products */ = {
			isa = PBXGroup;
			children = (
				81414AFC1C08CE5E00A9DE83 /* SketchGen.app */,
				81414B101C08CE5E00A9DE83 /* SketchGenTests.xctest */,
			);
			name = Products;
			sourceTree = "<group>";
		};
		81414AFE1C08CE5E00A9DE83 /* SketchGen */ = {
			isa = PBXGroup;
			children = (
				81FEAAD01C4E9411000F0E2A /* Errors */,
				81414B3B1C090F2500A9DE83 /* CurveDemo.swift */,
				81414B231C08CEE200A9DE83 /* Point3D.swift */,
				81414B311C08CF5E00A9DE83 /* Vector3D.swift */,
				81CDCC221C17E44B00060C8D /* Plane.swift */,
				81CDCC1E1C17E3FD00060C8D /* Line.swift */,
				81414B1F1C08CEE200A9DE83 /* LineSeg.swift */,
				81414B291C08CF0500A9DE83 /* Arc.swift */,
				8106F0021C1FA12C00C74FE6 /* Cubic.swift */,
				81FEAACB1C4C7AE9000F0E2A /* Transform.swift */,
				81FEAAD11C4E9716000F0E2A /* Perimeter.swift */,
				81414B201C08CEE200A9DE83 /* OrthoVol.swift */,
				81414B211C08CEE200A9DE83 /* PenCurve.swift */,
				81414B221C08CEE200A9DE83 /* PenTypes.swift */,
				81414B2E1C08CF2B00A9DE83 /* Easel2D.swift */,
				81414AFF1C08CE5E00A9DE83 /* AppDelegate.swift */,
				81414B011C08CE5E00A9DE83 /* ViewController.swift */,
				81414B031C08CE5E00A9DE83 /* Main.storyboard */,
				81414B061C08CE5E00A9DE83 /* Assets.xcassets */,
				81414B081C08CE5E00A9DE83 /* LaunchScreen.storyboard */,
				81414B0B1C08CE5E00A9DE83 /* Info.plist */,
			);
			path = SketchGen;
			sourceTree = "<group>";
		};
		81414B131C08CE5E00A9DE83 /* SketchGenTests */ = {
			isa = PBXGroup;
			children = (
				8106F0001C1A7F6B00C74FE6 /* Point3DTests.swift */,
				81414B391C08CFAB00A9DE83 /* ArcTests.swift */,
				81414B331C08CF8C00A9DE83 /* LineSegTests.swift */,
				81414B341C08CF8C00A9DE83 /* OrthoVolTests.swift */,
				81414B351C08CF8C00A9DE83 /* Vector3DTests.swift */,
				81414B141C08CE5E00A9DE83 /* SketchGenTests.swift */,
				81414B161C08CE5E00A9DE83 /* Info.plist */,
				8183F26D1C1A672B009CAF6B /* LineTests.swift */,
				8183F26F1C1A675A009CAF6B /* PlaneTests.swift */,
				81FEAACE1C4D8DDF000F0E2A /* TransformTests.swift */,
			);
			path = SketchGenTests;
			sourceTree = "<group>";
		};
		81FEAAD01C4E9411000F0E2A /* Errors */ = {
			isa = PBXGroup;
			children = (
				8183F2671C1A0872009CAF6B /* NonUnitDirectionError.swift */,
				8183F26A1C1A0A16009CAF6B /* ZeroVectorError.swift */,
				81414B2A1C08CF0500A9DE83 /* ArcPointsError.swift */,
				81414B2D1C08CF2B00A9DE83 /* CoincidentPointsError.swift */,
				81FEAAA71C4359B1000F0E2A /* ParallelLinesError.swift */,
				81FEAAA41C4348EE000F0E2A /* CoincidentLinesError.swift */,
				81FEAAAA1C435AF0000F0E2A /* NonCoPlanarLinesError.swift */,
				81CDCC201C17E41400060C8D /* ParallelError.swift */,
				81CDCC261C17E4F000060C8D /* ParallelPlanesError.swift */,
				81CDCC241C17E4D200060C8D /* CoincidentPlanesError.swift */,
			);
			name = Errors;
			sourceTree = "<group>";
		};
/* End PBXGroup section */

/* Begin PBXNativeTarget section */
		81414AFB1C08CE5E00A9DE83 /* SketchGen */ = {
			isa = PBXNativeTarget;
			buildConfigurationList = 81414B191C08CE5E00A9DE83 /* Build configuration list for PBXNativeTarget "SketchGen" */;
			buildPhases = (
				81414AF81C08CE5E00A9DE83 /* Sources */,
				81414AF91C08CE5E00A9DE83 /* Frameworks */,
				81414AFA1C08CE5E00A9DE83 /* Resources */,
			);
			buildRules = (
			);
			dependencies = (
			);
			name = SketchGen;
			productName = SketchGen;
			productReference = 81414AFC1C08CE5E00A9DE83 /* SketchGen.app */;
			productType = "com.apple.product-type.application";
		};
		81414B0F1C08CE5E00A9DE83 /* SketchGenTests */ = {
			isa = PBXNativeTarget;
			buildConfigurationList = 81414B1C1C08CE5E00A9DE83 /* Build configuration list for PBXNativeTarget "SketchGenTests" */;
			buildPhases = (
				81414B0C1C08CE5E00A9DE83 /* Sources */,
				81414B0D1C08CE5E00A9DE83 /* Frameworks */,
				81414B0E1C08CE5E00A9DE83 /* Resources */,
			);
			buildRules = (
			);
			dependencies = (
				81414B121C08CE5E00A9DE83 /* PBXTargetDependency */,
			);
			name = SketchGenTests;
			productName = SketchGenTests;
			productReference = 81414B101C08CE5E00A9DE83 /* SketchGenTests.xctest */;
			productType = "com.apple.product-type.bundle.unit-test";
		};
/* End PBXNativeTarget section */

/* Begin PBXProject section */
		81414AF41C08CE5E00A9DE83 /* Project object */ = {
			isa = PBXProject;
			attributes = {
				LastSwiftUpdateCheck = 0710;
				LastUpgradeCheck = 0710;
				ORGANIZATIONNAME = "Ceran Digital Media";
				TargetAttributes = {
					81414AFB1C08CE5E00A9DE83 = {
						CreatedOnToolsVersion = 7.1.1;
						DevelopmentTeam = K62A888Z9M;
					};
					81414B0F1C08CE5E00A9DE83 = {
						CreatedOnToolsVersion = 7.1.1;
						TestTargetID = 81414AFB1C08CE5E00A9DE83;
					};
				};
			};
			buildConfigurationList = 81414AF71C08CE5E00A9DE83 /* Build configuration list for PBXProject "SketchGen" */;
			compatibilityVersion = "Xcode 3.2";
			developmentRegion = English;
			hasScannedForEncodings = 0;
			knownRegions = (
				en,
				Base,
			);
			mainGroup = 81414AF31C08CE5E00A9DE83;
			productRefGroup = 81414AFD1C08CE5E00A9DE83 /* Products */;
			projectDirPath = "";
			projectRoot = "";
			targets = (
				81414AFB1C08CE5E00A9DE83 /* SketchGen */,
				81414B0F1C08CE5E00A9DE83 /* SketchGenTests */,
			);
		};
/* End PBXProject section */

/* Begin PBXResourcesBuildPhase section */
		81414AFA1C08CE5E00A9DE83 /* Resources */ = {
			isa = PBXResourcesBuildPhase;
			buildActionMask = 2147483647;
			files = (
				81414B0A1C08CE5E00A9DE83 /* LaunchScreen.storyboard in Resources */,
				81414B071C08CE5E00A9DE83 /* Assets.xcassets in Resources */,
				81414B051C08CE5E00A9DE83 /* Main.storyboard in Resources */,
			);
			runOnlyForDeploymentPostprocessing = 0;
		};
		81414B0E1C08CE5E00A9DE83 /* Resources */ = {
			isa = PBXResourcesBuildPhase;
			buildActionMask = 2147483647;
			files = (
			);
			runOnlyForDeploymentPostprocessing = 0;
		};
/* End PBXResourcesBuildPhase section */

/* Begin PBXSourcesBuildPhase section */
		81414AF81C08CE5E00A9DE83 /* Sources */ = {
			isa = PBXSourcesBuildPhase;
			buildActionMask = 2147483647;
			files = (
				81FEAAA51C4348EE000F0E2A /* CoincidentLinesError.swift in Sources */,
				81414B021C08CE5E00A9DE83 /* ViewController.swift in Sources */,
				81FEAAA81C4359B1000F0E2A /* ParallelLinesError.swift in Sources */,
				81414B261C08CEE200A9DE83 /* PenCurve.swift in Sources */,
				81414B301C08CF2B00A9DE83 /* Easel2D.swift in Sources */,
				81FEAAD21C4E9716000F0E2A /* Perimeter.swift in Sources */,
				8183F2681C1A0872009CAF6B /* NonUnitDirectionError.swift in Sources */,
				81FEAAAB1C435AF0000F0E2A /* NonCoPlanarLinesError.swift in Sources */,
				81FEAACC1C4C7AE9000F0E2A /* Transform.swift in Sources */,
				81414B3C1C090F2500A9DE83 /* CurveDemo.swift in Sources */,
				81CDCC211C17E41400060C8D /* ParallelError.swift in Sources */,
				81414B321C08CF5E00A9DE83 /* Vector3D.swift in Sources */,
				81CDCC231C17E44B00060C8D /* Plane.swift in Sources */,
				81CDCC1F1C17E3FD00060C8D /* Line.swift in Sources */,
				81414B2B1C08CF0500A9DE83 /* Arc.swift in Sources */,
				81414B2F1C08CF2B00A9DE83 /* CoincidentPointsError.swift in Sources */,
				81CDCC271C17E4F000060C8D /* ParallelPlanesError.swift in Sources */,
				81414B241C08CEE200A9DE83 /* LineSeg.swift in Sources */,
				8183F26B1C1A0A16009CAF6B /* ZeroVectorError.swift in Sources */,
				81414B251C08CEE200A9DE83 /* OrthoVol.swift in Sources */,
				81414B001C08CE5E00A9DE83 /* AppDelegate.swift in Sources */,
				81414B271C08CEE200A9DE83 /* PenTypes.swift in Sources */,
				81414B281C08CEE200A9DE83 /* Point3D.swift in Sources */,
				81CDCC251C17E4D200060C8D /* CoincidentPlanesError.swift in Sources */,
				8106F0031C1FA12C00C74FE6 /* Cubic.swift in Sources */,
				81414B2C1C08CF0500A9DE83 /* ArcPointsError.swift in Sources */,
			);
			runOnlyForDeploymentPostprocessing = 0;
		};
		81414B0C1C08CE5E00A9DE83 /* Sources */ = {
			isa = PBXSourcesBuildPhase;
			buildActionMask = 2147483647;
			files = (
				814F13411C153EFA004AB22B /* PenTypes.swift in Sources */,
				814F13441C153F3E004AB22B /* LineSeg.swift in Sources */,
				81FEAAA91C4359B1000F0E2A /* ParallelLinesError.swift in Sources */,
				81414B151C08CE5E00A9DE83 /* SketchGenTests.swift in Sources */,
				814F13401C153EF4004AB22B /* PenCurve.swift in Sources */,
				8183F2691C1A0872009CAF6B /* NonUnitDirectionError.swift in Sources */,
				8183F2641C18E30D009CAF6B /* Plane.swift in Sources */,
				81414B3A1C08CFAB00A9DE83 /* ArcTests.swift in Sources */,
				8183F26C1C1A0A16009CAF6B /* ZeroVectorError.swift in Sources */,
				8183F2631C18E308009CAF6B /* ParallelError.swift in Sources */,
				81FEAAAC1C435AF0000F0E2A /* NonCoPlanarLinesError.swift in Sources */,
				81FEAACD1C4C7AE9000F0E2A /* Transform.swift in Sources */,
				814F133D1C153ED7004AB22B /* Arc.swift in Sources */,
				814F133E1C153EDD004AB22B /* Vector3D.swift in Sources */,
				8183F2701C1A675A009CAF6B /* PlaneTests.swift in Sources */,
				814F133F1C153EEA004AB22B /* OrthoVol.swift in Sources */,
				81FEAAD31C4E9716000F0E2A /* Perimeter.swift in Sources */,
				8183F2661C18E319009CAF6B /* ParallelPlanesError.swift in Sources */,
				81414B361C08CF8C00A9DE83 /* LineSegTests.swift in Sources */,
				81FEAACF1C4D8DDF000F0E2A /* TransformTests.swift in Sources */,
				8183F2621C18E2FF009CAF6B /* Line.swift in Sources */,
				814F13431C153F1E004AB22B /* ArcPointsError.swift in Sources */,
				8106F0011C1A7F6B00C74FE6 /* Point3DTests.swift in Sources */,
				814F133C1C153ED0004AB22B /* Point3D.swift in Sources */,
				8183F26E1C1A672B009CAF6B /* LineTests.swift in Sources */,
				814F13421C153F16004AB22B /* CoincidentPointsError.swift in Sources */,
				8183F2651C18E313009CAF6B /* CoincidentPlanesError.swift in Sources */,
				81414B371C08CF8C00A9DE83 /* OrthoVolTests.swift in Sources */,
				8106F0041C1FA12C00C74FE6 /* Cubic.swift in Sources */,
				81FEAAA61C4348EE000F0E2A /* CoincidentLinesError.swift in Sources */,
				81414B381C08CF8C00A9DE83 /* Vector3DTests.swift in Sources */,
			);
			runOnlyForDeploymentPostprocessing = 0;
		};
/* End PBXSourcesBuildPhase section */

/* Begin PBXTargetDependency section */
		81414B121C08CE5E00A9DE83 /* PBXTargetDependency */ = {
			isa = PBXTargetDependency;
			target = 81414AFB1C08CE5E00A9DE83 /* SketchGen */;
			targetProxy = 81414B111C08CE5E00A9DE83 /* PBXContainerItemProxy */;
		};
/* End PBXTargetDependency section */

/* Begin PBXVariantGroup section */
		81414B031C08CE5E00A9DE83 /* Main.storyboard */ = {
			isa = PBXVariantGroup;
			children = (
				81414B041C08CE5E00A9DE83 /* Base */,
			);
			name = Main.storyboard;
			sourceTree = "<group>";
		};
		81414B081C08CE5E00A9DE83 /* LaunchScreen.storyboard */ = {
			isa = PBXVariantGroup;
			children = (
				81414B091C08CE5E00A9DE83 /* Base */,
			);
			name = LaunchScreen.storyboard;
			sourceTree = "<group>";
		};
/* End PBXVariantGroup section */

/* Begin XCBuildConfiguration section */
		81414B171C08CE5E00A9DE83 /* Debug */ = {
			isa = XCBuildConfiguration;
			buildSettings = {
				ALWAYS_SEARCH_USER_PATHS = NO;
				CLANG_CXX_LANGUAGE_STANDARD = "gnu++0x";
				CLANG_CXX_LIBRARY = "libc++";
				CLANG_ENABLE_MODULES = YES;
				CLANG_ENABLE_OBJC_ARC = YES;
				CLANG_WARN_BOOL_CONVERSION = YES;
				CLANG_WARN_CONSTANT_CONVERSION = YES;
				CLANG_WARN_DIRECT_OBJC_ISA_USAGE = YES_ERROR;
				CLANG_WARN_EMPTY_BODY = YES;
				CLANG_WARN_ENUM_CONVERSION = YES;
				CLANG_WARN_INT_CONVERSION = YES;
				CLANG_WARN_OBJC_ROOT_CLASS = YES_ERROR;
				CLANG_WARN_UNREACHABLE_CODE = YES;
				CLANG_WARN__DUPLICATE_METHOD_MATCH = YES;
				"CODE_SIGN_IDENTITY[sdk=iphoneos*]" = "iPhone Developer";
				COPY_PHASE_STRIP = NO;
				DEBUG_INFORMATION_FORMAT = dwarf;
				ENABLE_STRICT_OBJC_MSGSEND = YES;
				ENABLE_TESTABILITY = YES;
				GCC_C_LANGUAGE_STANDARD = gnu99;
				GCC_DYNAMIC_NO_PIC = NO;
				GCC_NO_COMMON_BLOCKS = YES;
				GCC_OPTIMIZATION_LEVEL = 0;
				GCC_PREPROCESSOR_DEFINITIONS = (
					"DEBUG=1",
					"$(inherited)",
				);
				GCC_WARN_64_TO_32_BIT_CONVERSION = YES;
				GCC_WARN_ABOUT_RETURN_TYPE = YES_ERROR;
				GCC_WARN_UNDECLARED_SELECTOR = YES;
				GCC_WARN_UNINITIALIZED_AUTOS = YES_AGGRESSIVE;
				GCC_WARN_UNUSED_FUNCTION = YES;
				GCC_WARN_UNUSED_VARIABLE = YES;
				IPHONEOS_DEPLOYMENT_TARGET = 9.1;
				MTL_ENABLE_DEBUG_INFO = YES;
				ONLY_ACTIVE_ARCH = YES;
				SDKROOT = iphoneos;
				SWIFT_OPTIMIZATION_LEVEL = "-Onone";
				TARGETED_DEVICE_FAMILY = 2;
			};
			name = Debug;
		};
		81414B181C08CE5E00A9DE83 /* Release */ = {
			isa = XCBuildConfiguration;
			buildSettings = {
				ALWAYS_SEARCH_USER_PATHS = NO;
				CLANG_CXX_LANGUAGE_STANDARD = "gnu++0x";
				CLANG_CXX_LIBRARY = "libc++";
				CLANG_ENABLE_MODULES = YES;
				CLANG_ENABLE_OBJC_ARC = YES;
				CLANG_WARN_BOOL_CONVERSION = YES;
				CLANG_WARN_CONSTANT_CONVERSION = YES;
				CLANG_WARN_DIRECT_OBJC_ISA_USAGE = YES_ERROR;
				CLANG_WARN_EMPTY_BODY = YES;
				CLANG_WARN_ENUM_CONVERSION = YES;
				CLANG_WARN_INT_CONVERSION = YES;
				CLANG_WARN_OBJC_ROOT_CLASS = YES_ERROR;
				CLANG_WARN_UNREACHABLE_CODE = YES;
				CLANG_WARN__DUPLICATE_METHOD_MATCH = YES;
				"CODE_SIGN_IDENTITY[sdk=iphoneos*]" = "iPhone Developer";
				COPY_PHASE_STRIP = NO;
				DEBUG_INFORMATION_FORMAT = "dwarf-with-dsym";
				ENABLE_NS_ASSERTIONS = NO;
				ENABLE_STRICT_OBJC_MSGSEND = YES;
				GCC_C_LANGUAGE_STANDARD = gnu99;
				GCC_NO_COMMON_BLOCKS = YES;
				GCC_WARN_64_TO_32_BIT_CONVERSION = YES;
				GCC_WARN_ABOUT_RETURN_TYPE = YES_ERROR;
				GCC_WARN_UNDECLARED_SELECTOR = YES;
				GCC_WARN_UNINITIALIZED_AUTOS = YES_AGGRESSIVE;
				GCC_WARN_UNUSED_FUNCTION = YES;
				GCC_WARN_UNUSED_VARIABLE = YES;
				IPHONEOS_DEPLOYMENT_TARGET = 9.1;
				MTL_ENABLE_DEBUG_INFO = NO;
				SDKROOT = iphoneos;
				TARGETED_DEVICE_FAMILY = 2;
				VALIDATE_PRODUCT = YES;
			};
			name = Release;
		};
		81414B1A1C08CE5E00A9DE83 /* Debug */ = {
			isa = XCBuildConfiguration;
			buildSettings = {
				ASSETCATALOG_COMPILER_APPICON_NAME = AppIcon;
				CODE_SIGN_IDENTITY = "iPhone Developer";
				"CODE_SIGN_IDENTITY[sdk=iphoneos*]" = "iPhone Developer";
				INFOPLIST_FILE = SketchGen/Info.plist;
				LD_RUNPATH_SEARCH_PATHS = "$(inherited) @executable_path/Frameworks";
				PRODUCT_BUNDLE_IDENTIFIER = com.cerandm.SketchGen;
				PRODUCT_NAME = "$(TARGET_NAME)";
				PROVISIONING_PROFILE = "";
			};
			name = Debug;
		};
		81414B1B1C08CE5E00A9DE83 /* Release */ = {
			isa = XCBuildConfiguration;
			buildSettings = {
				ASSETCATALOG_COMPILER_APPICON_NAME = AppIcon;
				CODE_SIGN_IDENTITY = "iPhone Developer";
				"CODE_SIGN_IDENTITY[sdk=iphoneos*]" = "iPhone Developer";
				INFOPLIST_FILE = SketchGen/Info.plist;
				LD_RUNPATH_SEARCH_PATHS = "$(inherited) @executable_path/Frameworks";
				PRODUCT_BUNDLE_IDENTIFIER = com.cerandm.SketchGen;
				PRODUCT_NAME = "$(TARGET_NAME)";
				PROVISIONING_PROFILE = "";
			};
			name = Release;
		};
		81414B1D1C08CE5E00A9DE83 /* Debug */ = {
			isa = XCBuildConfiguration;
			buildSettings = {
				BUNDLE_LOADER = "$(TEST_HOST)";
				INFOPLIST_FILE = SketchGenTests/Info.plist;
				LD_RUNPATH_SEARCH_PATHS = "$(inherited) @executable_path/Frameworks @loader_path/Frameworks";
				PRODUCT_BUNDLE_IDENTIFIER = com.cerandm.SketchGenTests;
				PRODUCT_NAME = "$(TARGET_NAME)";
				TEST_HOST = "$(BUILT_PRODUCTS_DIR)/SketchGen.app/SketchGen";
			};
			name = Debug;
		};
		81414B1E1C08CE5E00A9DE83 /* Release */ = {
			isa = XCBuildConfiguration;
			buildSettings = {
				BUNDLE_LOADER = "$(TEST_HOST)";
				INFOPLIST_FILE = SketchGenTests/Info.plist;
				LD_RUNPATH_SEARCH_PATHS = "$(inherited) @executable_path/Frameworks @loader_path/Frameworks";
				PRODUCT_BUNDLE_IDENTIFIER = com.cerandm.SketchGenTests;
				PRODUCT_NAME = "$(TARGET_NAME)";
				TEST_HOST = "$(BUILT_PRODUCTS_DIR)/SketchGen.app/SketchGen";
			};
			name = Release;
		};
/* End XCBuildConfiguration section */

/* Begin XCConfigurationList section */
		81414AF71C08CE5E00A9DE83 /* Build configuration list for PBXProject "SketchGen" */ = {
			isa = XCConfigurationList;
			buildConfigurations = (
				81414B171C08CE5E00A9DE83 /* Debug */,
				81414B181C08CE5E00A9DE83 /* Release */,
			);
			defaultConfigurationIsVisible = 0;
			defaultConfigurationName = Release;
		};
		81414B191C08CE5E00A9DE83 /* Build configuration list for PBXNativeTarget "SketchGen" */ = {
			isa = XCConfigurationList;
			buildConfigurations = (
				81414B1A1C08CE5E00A9DE83 /* Debug */,
				81414B1B1C08CE5E00A9DE83 /* Release */,
			);
			defaultConfigurationIsVisible = 0;
			defaultConfigurationName = Release;
		};
		81414B1C1C08CE5E00A9DE83 /* Build configuration list for PBXNativeTarget "SketchGenTests" */ = {
			isa = XCConfigurationList;
			buildConfigurations = (
				81414B1D1C08CE5E00A9DE83 /* Debug */,
				81414B1E1C08CE5E00A9DE83 /* Release */,
			);
			defaultConfigurationIsVisible = 0;
			defaultConfigurationName = Release;
		};
/* End XCConfigurationList section */
	};
	rootObject = 81414AF41C08CE5E00A9DE83 /* Project object */;
}
